// !$*UTF8*$!
{
	archiveVersion = 1;
	classes = {
	};
	objectVersion = 48;
	objects = {

/* Begin PBXBuildFile section */
		984A3FA3203EB97000DBE274 /* AppDelegate.swift in Sources */ = {isa = PBXBuildFile; fileRef = 984A3FA2203EB97000DBE274 /* AppDelegate.swift */; };
		984A3FA5203EB97000DBE274 /* ViewController.swift in Sources */ = {isa = PBXBuildFile; fileRef = 984A3FA4203EB97000DBE274 /* ViewController.swift */; };
		984A3FA8203EB97000DBE274 /* Main.storyboard in Resources */ = {isa = PBXBuildFile; fileRef = 984A3FA6203EB97000DBE274 /* Main.storyboard */; };
		984A3FAA203EB97000DBE274 /* Assets.xcassets in Resources */ = {isa = PBXBuildFile; fileRef = 984A3FA9203EB97000DBE274 /* Assets.xcassets */; };
		984A3FAD203EB97000DBE274 /* LaunchScreen.storyboard in Resources */ = {isa = PBXBuildFile; fileRef = 984A3FAB203EB97000DBE274 /* LaunchScreen.storyboard */; };
		984A3FB5203EBA8A00DBE274 /* SettingsViewController.swift in Sources */ = {isa = PBXBuildFile; fileRef = 984A3FB4203EBA8A00DBE274 /* SettingsViewController.swift */; };
		98E83823204009F20070915A /* UIImage+Extension.swift in Sources */ = {isa = PBXBuildFile; fileRef = 98E83822204009F20070915A /* UIImage+Extension.swift */; };
/* End PBXBuildFile section */

/* Begin PBXFileReference section */
		984A3F9F203EB97000DBE274 /* drawingPad.app */ = {isa = PBXFileReference; explicitFileType = wrapper.application; includeInIndex = 0; path = drawingPad.app; sourceTree = BUILT_PRODUCTS_DIR; };
		984A3FA2203EB97000DBE274 /* AppDelegate.swift */ = {isa = PBXFileReference; lastKnownFileType = sourcecode.swift; path = AppDelegate.swift; sourceTree = "<group>"; };
		984A3FA4203EB97000DBE274 /* ViewController.swift */ = {isa = PBXFileReference; lastKnownFileType = sourcecode.swift; path = ViewController.swift; sourceTree = "<group>"; };
		984A3FA7203EB97000DBE274 /* Base */ = {isa = PBXFileReference; lastKnownFileType = file.storyboard; name = Base; path = Base.lproj/Main.storyboard; sourceTree = "<group>"; };
		984A3FA9203EB97000DBE274 /* Assets.xcassets */ = {isa = PBXFileReference; lastKnownFileType = folder.assetcatalog; path = Assets.xcassets; sourceTree = "<group>"; };
		984A3FAC203EB97000DBE274 /* Base */ = {isa = PBXFileReference; lastKnownFileType = file.storyboard; name = Base; path = Base.lproj/LaunchScreen.storyboard; sourceTree = "<group>"; };
		984A3FAE203EB97000DBE274 /* Info.plist */ = {isa = PBXFileReference; lastKnownFileType = text.plist.xml; path = Info.plist; sourceTree = "<group>"; };
		984A3FB4203EBA8A00DBE274 /* SettingsViewController.swift */ = {isa = PBXFileReference; fileEncoding = 4; lastKnownFileType = sourcecode.swift; path = SettingsViewController.swift; sourceTree = "<group>"; };
		98E83822204009F20070915A /* UIImage+Extension.swift */ = {isa = PBXFileReference; lastKnownFileType = sourcecode.swift; path = "UIImage+Extension.swift"; sourceTree = "<group>"; };
/* End PBXFileReference section */

/* Begin PBXFrameworksBuildPhase section */
		984A3F9C203EB97000DBE274 /* Frameworks */ = {
			isa = PBXFrameworksBuildPhase;
			buildActionMask = 2147483647;
			files = (
			);
			runOnlyForDeploymentPostprocessing = 0;
		};
/* End PBXFrameworksBuildPhase section */

/* Begin PBXGroup section */
		984A3F96203EB97000DBE274 = {
			isa = PBXGroup;
			children = (
				984A3FA1203EB97000DBE274 /* drawingPad */,
				984A3FA0203EB97000DBE274 /* Products */,
			);
			sourceTree = "<group>";
		};
		984A3FA0203EB97000DBE274 /* Products */ = {
			isa = PBXGroup;
			children = (
				984A3F9F203EB97000DBE274 /* drawingPad.app */,
			);
			name = Products;
			sourceTree = "<group>";
		};
		984A3FA1203EB97000DBE274 /* drawingPad */ = {
			isa = PBXGroup;
			children = (
				984A3FA2203EB97000DBE274 /* AppDelegate.swift */,
				984A3FA4203EB97000DBE274 /* ViewController.swift */,
				984A3FB4203EBA8A00DBE274 /* SettingsViewController.swift */,
				98E83822204009F20070915A /* UIImage+Extension.swift */,
				984A3FA6203EB97000DBE274 /* Main.storyboard */,
				984A3FA9203EB97000DBE274 /* Assets.xcassets */,
				984A3FAB203EB97000DBE274 /* LaunchScreen.storyboard */,
				984A3FAE203EB97000DBE274 /* Info.plist */,
			);
			path = drawingPad;
			sourceTree = "<group>";
		};
/* End PBXGroup section */

/* Begin PBXNativeTarget section */
		984A3F9E203EB97000DBE274 /* drawingPad */ = {
			isa = PBXNativeTarget;
			buildConfigurationList = 984A3FB1203EB97000DBE274 /* Build configuration list for PBXNativeTarget "drawingPad" */;
			buildPhases = (
				984A3F9B203EB97000DBE274 /* Sources */,
				984A3F9C203EB97000DBE274 /* Frameworks */,
				984A3F9D203EB97000DBE274 /* Resources */,
			);
			buildRules = (
			);
			dependencies = (
			);
			name = drawingPad;
			productName = drawingPad;
			productReference = 984A3F9F203EB97000DBE274 /* drawingPad.app */;
			productType = "com.apple.product-type.application";
		};
/* End PBXNativeTarget section */

/* Begin PBXProject section */
		984A3F97203EB97000DBE274 /* Project object */ = {
			isa = PBXProject;
			attributes = {
				LastSwiftUpdateCheck = 0920;
				LastUpgradeCheck = 0920;
				ORGANIZATIONNAME = "Thang Hoa";
				TargetAttributes = {
					984A3F9E203EB97000DBE274 = {
						CreatedOnToolsVersion = 9.2;
						ProvisioningStyle = Automatic;
					};
				};
			};
			buildConfigurationList = 984A3F9A203EB97000DBE274 /* Build configuration list for PBXProject "drawingPad" */;
			compatibilityVersion = "Xcode 8.0";
			developmentRegion = en;
			hasScannedForEncodings = 0;
			knownRegions = (
				en,
				Base,
			);
			mainGroup = 984A3F96203EB97000DBE274;
			productRefGroup = 984A3FA0203EB97000DBE274 /* Products */;
			projectDirPath = "";
			projectRoot = "";
			targets = (
				984A3F9E203EB97000DBE274 /* drawingPad */,
			);
		};
/* End PBXProject section */

/* Begin PBXResourcesBuildPhase section */
		984A3F9D203EB97000DBE274 /* Resources */ = {
			isa = PBXResourcesBuildPhase;
			buildActionMask = 2147483647;
			files = (
				984A3FAD203EB97000DBE274 /* LaunchScreen.storyboard in Resources */,
				984A3FAA203EB97000DBE274 /* Assets.xcassets in Resources */,
				984A3FA8203EB97000DBE274 /* Main.storyboard in Resources */,
			);
			runOnlyForDeploymentPostprocessing = 0;
		};
/* End PBXResourcesBuildPhase section */

/* Begin PBXSourcesBuildPhase section */
		984A3F9B203EB97000DBE274 /* Sources */ = {
			isa = PBXSourcesBuildPhase;
			buildActionMask = 2147483647;
			files = (
				984A3FA5203EB97000DBE274 /* ViewController.swift in Sources */,
				984A3FA3203EB97000DBE274 /* AppDelegate.swift in Sources */,
				984A3FB5203EBA8A00DBE274 /* SettingsViewController.swift in Sources */,
				98E83823204009F20070915A /* UIImage+Extension.swift in Sources */,
			);
			runOnlyForDeploymentPostprocessing = 0;
		};
/* End PBXSourcesBuildPhase section */

/* Begin PBXVariantGroup section */
		984A3FA6203EB97000DBE274 /* Main.storyboard */ = {
			isa = PBXVariantGroup;
			children = (
				984A3FA7203EB97000DBE274 /* Base */,
			);
			name = Main.storyboard;
			sourceTree = "<group>";
		};
		984A3FAB203EB97000DBE274 /* LaunchScreen.storyboard */ = {
			isa = PBXVariantGroup;
			children = (
				984A3FAC203EB97000DBE274 /* Base */,
			);
			name = LaunchScreen.storyboard;
			sourceTree = "<group>";
		};
/* End PBXVariantGroup section */

/* Begin XCBuildConfiguration section */
		984A3FAF203EB97000DBE274 /* Debug */ = {
			isa = XCBuildConfiguration;
			buildSettings = {
				ALWAYS_SEARCH_USER_PATHS = NO;
				CLANG_ANALYZER_NONNULL = YES;
				CLANG_ANALYZER_NUMBER_OBJECT_CONVERSION = YES_AGGRESSIVE;
				CLANG_CXX_LANGUAGE_STANDARD = "gnu++14";
				CLANG_CXX_LIBRARY = "libc++";
				CLANG_ENABLE_MODULES = YES;
				CLANG_ENABLE_OBJC_ARC = YES;
				CLANG_WARN_BLOCK_CAPTURE_AUTORELEASING = YES;
				CLANG_WARN_BOOL_CONVERSION = YES;
				CLANG_WARN_COMMA = YES;
				CLANG_WARN_CONSTANT_CONVERSION = YES;
				CLANG_WARN_DIRECT_OBJC_ISA_USAGE = YES_ERROR;
				CLANG_WARN_DOCUMENTATION_COMMENTS = YES;
				CLANG_WARN_EMPTY_BODY = YES;
				CLANG_WARN_ENUM_CONVERSION = YES;
				CLANG_WARN_INFINITE_RECURSION = YES;
				CLANG_WARN_INT_CONVERSION = YES;
				CLANG_WARN_NON_LITERAL_NULL_CONVERSION = YES;
				CLANG_WARN_OBJC_LITERAL_CONVERSION = YES;
				CLANG_WARN_OBJC_ROOT_CLASS = YES_ERROR;
				CLANG_WARN_RANGE_LOOP_ANALYSIS = YES;
				CLANG_WARN_STRICT_PROTOTYPES = YES;
				CLANG_WARN_SUSPICIOUS_MOVE = YES;
				CLANG_WARN_UNGUARDED_AVAILABILITY = YES_AGGRESSIVE;
				CLANG_WARN_UNREACHABLE_CODE = YES;
				CLANG_WARN__DUPLICATE_METHOD_MATCH = YES;
				CODE_SIGN_IDENTITY = "iPhone Developer";
				COPY_PHASE_STRIP = NO;
				DEBUG_INFORMATION_FORMAT = dwarf;
				ENABLE_STRICT_OBJC_MSGSEND = YES;
				ENABLE_TESTABILITY = YES;
				GCC_C_LANGUAGE_STANDARD = gnu11;
				GCC_DYNAMIC_NO_PIC = NO;
				GCC_NO_COMMON_BLOCKS = YES;
				GCC_OPTIMIZATION_LEVEL = 0;
				GCC_PREPROCESSOR_DEFINITIONS = (
					"DEBUG=1",
					"$(inherited)",
				);
				GCC_WARN_64_TO_32_BIT_CONVERSION = YES;
				GCC_WARN_ABOUT_RETURN_TYPE = YES_ERROR;
				GCC_WARN_UNDECLARED_SELECTOR = YES;
				GCC_WARN_UNINITIALIZED_AUTOS = YES_AGGRESSIVE;
				GCC_WARN_UNUSED_FUNCTION = YES;
				GCC_WARN_UNUSED_VARIABLE = YES;
				IPHONEOS_DEPLOYMENT_TARGET = 11.2;
				MTL_ENABLE_DEBUG_INFO = YES;
				ONLY_ACTIVE_ARCH = YES;
				SDKROOT = iphoneos;
				SWIFT_ACTIVE_COMPILATION_CONDITIONS = DEBUG;
				SWIFT_OPTIMIZATION_LEVEL = "-Onone";
			};
			name = Debug;
		};
		984A3FB0203EB97000DBE274 /* Release */ = {
			isa = XCBuildConfiguration;
			buildSettings = {
				ALWAYS_SEARCH_USER_PATHS = NO;
				CLANG_ANALYZER_NONNULL = YES;
				CLANG_ANALYZER_NUMBER_OBJECT_CONVERSION = YES_AGGRESSIVE;
				CLANG_CXX_LANGUAGE_STANDARD = "gnu++14";
				CLANG_CXX_LIBRARY = "libc++";
				CLANG_ENABLE_MODULES = YES;
				CLANG_ENABLE_OBJC_ARC = YES;
				CLANG_WARN_BLOCK_CAPTURE_AUTORELEASING = YES;
				CLANG_WARN_BOOL_CONVERSION = YES;
				CLANG_WARN_COMMA = YES;
				CLANG_WARN_CONSTANT_CONVERSION = YES;
				CLANG_WARN_DIRECT_OBJC_ISA_USAGE = YES_ERROR;
				CLANG_WARN_DOCUMENTATION_COMMENTS = YES;
				CLANG_WARN_EMPTY_BODY = YES;
				CLANG_WARN_ENUM_CONVERSION = YES;
				CLANG_WARN_INFINITE_RECURSION = YES;
				CLANG_WARN_INT_CONVERSION = YES;
				CLANG_WARN_NON_LITERAL_NULL_CONVERSION = YES;
				CLANG_WARN_OBJC_LITERAL_CONVERSION = YES;
				CLANG_WARN_OBJC_ROOT_CLASS = YES_ERROR;
				CLANG_WARN_RANGE_LOOP_ANALYSIS = YES;
				CLANG_WARN_STRICT_PROTOTYPES = YES;
				CLANG_WARN_SUSPICIOUS_MOVE = YES;
				CLANG_WARN_UNGUARDED_AVAILABILITY = YES_AGGRESSIVE;
				CLANG_WARN_UNREACHABLE_CODE = YES;
				CLANG_WARN__DUPLICATE_METHOD_MATCH = YES;
				CODE_SIGN_IDENTITY = "iPhone Developer";
				COPY_PHASE_STRIP = NO;
				DEBUG_INFORMATION_FORMAT = "dwarf-with-dsym";
				ENABLE_NS_ASSERTIONS = NO;
				ENABLE_STRICT_OBJC_MSGSEND = YES;
				GCC_C_LANGUAGE_STANDARD = gnu11;
				GCC_NO_COMMON_BLOCKS = YES;
				GCC_WARN_64_TO_32_BIT_CONVERSION = YES;
				GCC_WARN_ABOUT_RETURN_TYPE = YES_ERROR;
				GCC_WARN_UNDECLARED_SELECTOR = YES;
				GCC_WARN_UNINITIALIZED_AUTOS = YES_AGGRESSIVE;
				GCC_WARN_UNUSED_FUNCTION = YES;
				GCC_WARN_UNUSED_VARIABLE = YES;
				IPHONEOS_DEPLOYMENT_TARGET = 11.2;
				MTL_ENABLE_DEBUG_INFO = NO;
				SDKROOT = iphoneos;
				SWIFT_OPTIMIZATION_LEVEL = "-Owholemodule";
				VALIDATE_PRODUCT = YES;
			};
			name = Release;
		};
		984A3FB2203EB97000DBE274 /* Debug */ = {
			isa = XCBuildConfiguration;
			buildSettings = {
				ASSETCATALOG_COMPILER_APPICON_NAME = AppIcon;
				CODE_SIGN_STYLE = Automatic;
				INFOPLIST_FILE = drawingPad/Info.plist;
				LD_RUNPATH_SEARCH_PATHS = "$(inherited) @executable_path/Frameworks";
				PRODUCT_BUNDLE_IDENTIFIER = big0.drawingPad;
				PRODUCT_NAME = "$(TARGET_NAME)";
				SWIFT_VERSION = 4.0;
				TARGETED_DEVICE_FAMILY = "1,2";
			};
			name = Debug;
		};
		984A3FB3203EB97000DBE274 /* Release */ = {
			isa = XCBuildConfiguration;
			buildSettings = {
				ASSETCATALOG_COMPILER_APPICON_NAME = AppIcon;
				CODE_SIGN_STYLE = Automatic;
				INFOPLIST_FILE = drawingPad/Info.plist;
				LD_RUNPATH_SEARCH_PATHS = "$(inherited) @executable_path/Frameworks";
				PRODUCT_BUNDLE_IDENTIFIER = big0.drawingPad;
				PRODUCT_NAME = "$(TARGET_NAME)";
				SWIFT_VERSION = 4.0;
				TARGETED_DEVICE_FAMILY = "1,2";
			};
			name = Release;
		};
/* End XCBuildConfiguration section */

/* Begin XCConfigurationList section */
		984A3F9A203EB97000DBE274 /* Build configuration list for PBXProject "drawingPad" */ = {
			isa = XCConfigurationList;
			buildConfigurations = (
				984A3FAF203EB97000DBE274 /* Debug */,
				984A3FB0203EB97000DBE274 /* Release */,
			);
			defaultConfigurationIsVisible = 0;
			defaultConfigurationName = Release;
		};
		984A3FB1203EB97000DBE274 /* Build configuration list for PBXNativeTarget "drawingPad" */ = {
			isa = XCConfigurationList;
			buildConfigurations = (
				984A3FB2203EB97000DBE274 /* Debug */,
				984A3FB3203EB97000DBE274 /* Release */,
			);
			defaultConfigurationIsVisible = 0;
			defaultConfigurationName = Release;
		};
/* End XCConfigurationList section */
	};
	rootObject = 984A3F97203EB97000DBE274 /* Project object */;
}
